// !$*UTF8*$!
{
	archiveVersion = 1;
	classes = {
	};
	objectVersion = 77;
	objects = {

/* Begin PBXBuildFile section */
		24B1DEE42D6A8BFC0099311E /* Localizable.xcstrings in Resources */ = {isa = PBXBuildFile; fileRef = 24B1DEE32D6A8BFC0099311E /* Localizable.xcstrings */; };
/* End PBXBuildFile section */

/* Begin PBXContainerItemProxy section */
		24DC86132D6A69DA000B391D /* PBXContainerItemProxy */ = {
			isa = PBXContainerItemProxy;
			containerPortal = 24DC85FA2D6A69D5000B391D /* Project object */;
			proxyType = 1;
			remoteGlobalIDString = 24DC86012D6A69D6000B391D;
			remoteInfo = HealthKitManager;
		};
		24DC861D2D6A69DA000B391D /* PBXContainerItemProxy */ = {
			isa = PBXContainerItemProxy;
			containerPortal = 24DC85FA2D6A69D5000B391D /* Project object */;
			proxyType = 1;
			remoteGlobalIDString = 24DC86012D6A69D6000B391D;
			remoteInfo = HealthKitManager;
		};
/* End PBXContainerItemProxy section */

/* Begin PBXFileReference section */
		24B1DEE32D6A8BFC0099311E /* Localizable.xcstrings */ = {isa = PBXFileReference; lastKnownFileType = text.json.xcstrings; path = Localizable.xcstrings; sourceTree = "<group>"; };
		24DC86022D6A69D6000B391D /* HealthKitManager.app */ = {isa = PBXFileReference; explicitFileType = wrapper.application; includeInIndex = 0; path = HealthKitManager.app; sourceTree = BUILT_PRODUCTS_DIR; };
		24DC86122D6A69DA000B391D /* HealthKitManagerTests.xctest */ = {isa = PBXFileReference; explicitFileType = wrapper.cfbundle; includeInIndex = 0; path = HealthKitManagerTests.xctest; sourceTree = BUILT_PRODUCTS_DIR; };
		24DC861C2D6A69DA000B391D /* HealthKitManagerUITests.xctest */ = {isa = PBXFileReference; explicitFileType = wrapper.cfbundle; includeInIndex = 0; path = HealthKitManagerUITests.xctest; sourceTree = BUILT_PRODUCTS_DIR; };
/* End PBXFileReference section */

/* Begin PBXFileSystemSynchronizedRootGroup section */
		24DC86042D6A69D6000B391D /* HealthKitManager */ = {
			isa = PBXFileSystemSynchronizedRootGroup;
			path = HealthKitManager;
			sourceTree = "<group>";
		};
		24DC86152D6A69DA000B391D /* HealthKitManagerTests */ = {
			isa = PBXFileSystemSynchronizedRootGroup;
			path = HealthKitManagerTests;
			sourceTree = "<group>";
		};
		24DC861F2D6A69DA000B391D /* HealthKitManagerUITests */ = {
			isa = PBXFileSystemSynchronizedRootGroup;
			path = HealthKitManagerUITests;
			sourceTree = "<group>";
		};
/* End PBXFileSystemSynchronizedRootGroup section */

/* Begin PBXFrameworksBuildPhase section */
		24DC85FF2D6A69D6000B391D /* Frameworks */ = {
			isa = PBXFrameworksBuildPhase;
			buildActionMask = 2147483647;
			files = (
			);
			runOnlyForDeploymentPostprocessing = 0;
		};
		24DC860F2D6A69DA000B391D /* Frameworks */ = {
			isa = PBXFrameworksBuildPhase;
			buildActionMask = 2147483647;
			files = (
			);
			runOnlyForDeploymentPostprocessing = 0;
		};
		24DC86192D6A69DA000B391D /* Frameworks */ = {
			isa = PBXFrameworksBuildPhase;
			buildActionMask = 2147483647;
			files = (
			);
			runOnlyForDeploymentPostprocessing = 0;
		};
/* End PBXFrameworksBuildPhase section */

/* Begin PBXGroup section */
		24DC85F92D6A69D5000B391D = {
			isa = PBXGroup;
			children = (
				24B1DEE32D6A8BFC0099311E /* Localizable.xcstrings */,
				24DC86042D6A69D6000B391D /* HealthKitManager */,
				24DC86152D6A69DA000B391D /* HealthKitManagerTests */,
				24DC861F2D6A69DA000B391D /* HealthKitManagerUITests */,
				24DC86032D6A69D6000B391D /* Products */,
			);
			sourceTree = "<group>";
		};
		24DC86032D6A69D6000B391D /* Products */ = {
			isa = PBXGroup;
			children = (
				24DC86022D6A69D6000B391D /* HealthKitManager.app */,
				24DC86122D6A69DA000B391D /* HealthKitManagerTests.xctest */,
				24DC861C2D6A69DA000B391D /* HealthKitManagerUITests.xctest */,
			);
			name = Products;
			sourceTree = "<group>";
		};
/* End PBXGroup section */

/* Begin PBXNativeTarget section */
		24DC86012D6A69D6000B391D /* HealthKitManager */ = {
			isa = PBXNativeTarget;
			buildConfigurationList = 24DC86262D6A69DA000B391D /* Build configuration list for PBXNativeTarget "HealthKitManager" */;
			buildPhases = (
				24DC85FE2D6A69D6000B391D /* Sources */,
				24DC85FF2D6A69D6000B391D /* Frameworks */,
				24DC86002D6A69D6000B391D /* Resources */,
			);
			buildRules = (
			);
			dependencies = (
			);
			fileSystemSynchronizedGroups = (
				24DC86042D6A69D6000B391D /* HealthKitManager */,
			);
			name = HealthKitManager;
			packageProductDependencies = (
			);
			productName = HealthKitManager;
			productReference = 24DC86022D6A69D6000B391D /* HealthKitManager.app */;
			productType = "com.apple.product-type.application";
		};
		24DC86112D6A69DA000B391D /* HealthKitManagerTests */ = {
			isa = PBXNativeTarget;
			buildConfigurationList = 24DC86292D6A69DA000B391D /* Build configuration list for PBXNativeTarget "HealthKitManagerTests" */;
			buildPhases = (
				24DC860E2D6A69DA000B391D /* Sources */,
				24DC860F2D6A69DA000B391D /* Frameworks */,
				24DC86102D6A69DA000B391D /* Resources */,
			);
			buildRules = (
			);
			dependencies = (
				24DC86142D6A69DA000B391D /* PBXTargetDependency */,
			);
			fileSystemSynchronizedGroups = (
				24DC86152D6A69DA000B391D /* HealthKitManagerTests */,
			);
			name = HealthKitManagerTests;
			packageProductDependencies = (
			);
			productName = HealthKitManagerTests;
			productReference = 24DC86122D6A69DA000B391D /* HealthKitManagerTests.xctest */;
			productType = "com.apple.product-type.bundle.unit-test";
		};
		24DC861B2D6A69DA000B391D /* HealthKitManagerUITests */ = {
			isa = PBXNativeTarget;
			buildConfigurationList = 24DC862C2D6A69DA000B391D /* Build configuration list for PBXNativeTarget "HealthKitManagerUITests" */;
			buildPhases = (
				24DC86182D6A69DA000B391D /* Sources */,
				24DC86192D6A69DA000B391D /* Frameworks */,
				24DC861A2D6A69DA000B391D /* Resources */,
			);
			buildRules = (
			);
			dependencies = (
				24DC861E2D6A69DA000B391D /* PBXTargetDependency */,
			);
			fileSystemSynchronizedGroups = (
				24DC861F2D6A69DA000B391D /* HealthKitManagerUITests */,
			);
			name = HealthKitManagerUITests;
			packageProductDependencies = (
			);
			productName = HealthKitManagerUITests;
			productReference = 24DC861C2D6A69DA000B391D /* HealthKitManagerUITests.xctest */;
			productType = "com.apple.product-type.bundle.ui-testing";
		};
/* End PBXNativeTarget section */

/* Begin PBXProject section */
		24DC85FA2D6A69D5000B391D /* Project object */ = {
			isa = PBXProject;
			attributes = {
				BuildIndependentTargetsInParallel = 1;
				LastSwiftUpdateCheck = 1620;
				LastUpgradeCheck = 1620;
				TargetAttributes = {
					24DC86012D6A69D6000B391D = {
						CreatedOnToolsVersion = 16.2;
					};
					24DC86112D6A69DA000B391D = {
						CreatedOnToolsVersion = 16.2;
						TestTargetID = 24DC86012D6A69D6000B391D;
					};
					24DC861B2D6A69DA000B391D = {
						CreatedOnToolsVersion = 16.2;
						TestTargetID = 24DC86012D6A69D6000B391D;
					};
				};
			};
			buildConfigurationList = 24DC85FD2D6A69D5000B391D /* Build configuration list for PBXProject "HealthKitManager" */;
			developmentRegion = en;
			hasScannedForEncodings = 0;
			knownRegions = (
				en,
				Base,
				de,
			);
			mainGroup = 24DC85F92D6A69D5000B391D;
			minimizedProjectReferenceProxies = 1;
			preferredProjectObjectVersion = 77;
			productRefGroup = 24DC86032D6A69D6000B391D /* Products */;
			projectDirPath = "";
			projectRoot = "";
			targets = (
				24DC86012D6A69D6000B391D /* HealthKitManager */,
				24DC86112D6A69DA000B391D /* HealthKitManagerTests */,
				24DC861B2D6A69DA000B391D /* HealthKitManagerUITests */,
			);
		};
/* End PBXProject section */

/* Begin PBXResourcesBuildPhase section */
		24DC86002D6A69D6000B391D /* Resources */ = {
			isa = PBXResourcesBuildPhase;
			buildActionMask = 2147483647;
			files = (
				24B1DEE42D6A8BFC0099311E /* Localizable.xcstrings in Resources */,
			);
			runOnlyForDeploymentPostprocessing = 0;
		};
		24DC86102D6A69DA000B391D /* Resources */ = {
			isa = PBXResourcesBuildPhase;
			buildActionMask = 2147483647;
			files = (
			);
			runOnlyForDeploymentPostprocessing = 0;
		};
		24DC861A2D6A69DA000B391D /* Resources */ = {
			isa = PBXResourcesBuildPhase;
			buildActionMask = 2147483647;
			files = (
			);
			runOnlyForDeploymentPostprocessing = 0;
		};
/* End PBXResourcesBuildPhase section */

/* Begin PBXSourcesBuildPhase section */
		24DC85FE2D6A69D6000B391D /* Sources */ = {
			isa = PBXSourcesBuildPhase;
			buildActionMask = 2147483647;
			files = (
			);
			runOnlyForDeploymentPostprocessing = 0;
		};
		24DC860E2D6A69DA000B391D /* Sources */ = {
			isa = PBXSourcesBuildPhase;
			buildActionMask = 2147483647;
			files = (
			);
			runOnlyForDeploymentPostprocessing = 0;
		};
		24DC86182D6A69DA000B391D /* Sources */ = {
			isa = PBXSourcesBuildPhase;
			buildActionMask = 2147483647;
			files = (
			);
			runOnlyForDeploymentPostprocessing = 0;
		};
/* End PBXSourcesBuildPhase section */

/* Begin PBXTargetDependency section */
		24DC86142D6A69DA000B391D /* PBXTargetDependency */ = {
			isa = PBXTargetDependency;
			target = 24DC86012D6A69D6000B391D /* HealthKitManager */;
			targetProxy = 24DC86132D6A69DA000B391D /* PBXContainerItemProxy */;
		};
		24DC861E2D6A69DA000B391D /* PBXTargetDependency */ = {
			isa = PBXTargetDependency;
			target = 24DC86012D6A69D6000B391D /* HealthKitManager */;
			targetProxy = 24DC861D2D6A69DA000B391D /* PBXContainerItemProxy */;
		};
/* End PBXTargetDependency section */

/* Begin XCBuildConfiguration section */
		24DC86242D6A69DA000B391D /* Debug */ = {
			isa = XCBuildConfiguration;
			buildSettings = {
				ALWAYS_SEARCH_USER_PATHS = NO;
				ASSETCATALOG_COMPILER_GENERATE_SWIFT_ASSET_SYMBOL_EXTENSIONS = YES;
				CLANG_ANALYZER_NONNULL = YES;
				CLANG_ANALYZER_NUMBER_OBJECT_CONVERSION = YES_AGGRESSIVE;
				CLANG_CXX_LANGUAGE_STANDARD = "gnu++20";
				CLANG_ENABLE_MODULES = YES;
				CLANG_ENABLE_OBJC_ARC = YES;
				CLANG_ENABLE_OBJC_WEAK = YES;
				CLANG_WARN_BLOCK_CAPTURE_AUTORELEASING = YES;
				CLANG_WARN_BOOL_CONVERSION = YES;
				CLANG_WARN_COMMA = YES;
				CLANG_WARN_CONSTANT_CONVERSION = YES;
				CLANG_WARN_DEPRECATED_OBJC_IMPLEMENTATIONS = YES;
				CLANG_WARN_DIRECT_OBJC_ISA_USAGE = YES_ERROR;
				CLANG_WARN_DOCUMENTATION_COMMENTS = YES;
				CLANG_WARN_EMPTY_BODY = YES;
				CLANG_WARN_ENUM_CONVERSION = YES;
				CLANG_WARN_INFINITE_RECURSION = YES;
				CLANG_WARN_INT_CONVERSION = YES;
				CLANG_WARN_NON_LITERAL_NULL_CONVERSION = YES;
				CLANG_WARN_OBJC_IMPLICIT_RETAIN_SELF = YES;
				CLANG_WARN_OBJC_LITERAL_CONVERSION = YES;
				CLANG_WARN_OBJC_ROOT_CLASS = YES_ERROR;
				CLANG_WARN_QUOTED_INCLUDE_IN_FRAMEWORK_HEADER = YES;
				CLANG_WARN_RANGE_LOOP_ANALYSIS = YES;
				CLANG_WARN_STRICT_PROTOTYPES = YES;
				CLANG_WARN_SUSPICIOUS_MOVE = YES;
				CLANG_WARN_UNGUARDED_AVAILABILITY = YES_AGGRESSIVE;
				CLANG_WARN_UNREACHABLE_CODE = YES;
				CLANG_WARN__DUPLICATE_METHOD_MATCH = YES;
				COPY_PHASE_STRIP = NO;
				DEBUG_INFORMATION_FORMAT = dwarf;
				ENABLE_STRICT_OBJC_MSGSEND = YES;
				ENABLE_TESTABILITY = YES;
				ENABLE_USER_SCRIPT_SANDBOXING = YES;
				GCC_C_LANGUAGE_STANDARD = gnu17;
				GCC_DYNAMIC_NO_PIC = NO;
				GCC_NO_COMMON_BLOCKS = YES;
				GCC_OPTIMIZATION_LEVEL = 0;
				GCC_PREPROCESSOR_DEFINITIONS = (
					"DEBUG=1",
					"$(inherited)",
				);
				GCC_WARN_64_TO_32_BIT_CONVERSION = YES;
				GCC_WARN_ABOUT_RETURN_TYPE = YES_ERROR;
				GCC_WARN_UNDECLARED_SELECTOR = YES;
				GCC_WARN_UNINITIALIZED_AUTOS = YES_AGGRESSIVE;
				GCC_WARN_UNUSED_FUNCTION = YES;
				GCC_WARN_UNUSED_VARIABLE = YES;
				IPHONEOS_DEPLOYMENT_TARGET = 18.2;
				LOCALIZATION_PREFERS_STRING_CATALOGS = YES;
				MTL_ENABLE_DEBUG_INFO = INCLUDE_SOURCE;
				MTL_FAST_MATH = YES;
				ONLY_ACTIVE_ARCH = YES;
				SDKROOT = iphoneos;
				SWIFT_ACTIVE_COMPILATION_CONDITIONS = "DEBUG $(inherited)";
				SWIFT_EMIT_LOC_STRINGS = YES;
				SWIFT_OPTIMIZATION_LEVEL = "-Onone";
			};
			name = Debug;
		};
		24DC86252D6A69DA000B391D /* Release */ = {
			isa = XCBuildConfiguration;
			buildSettings = {
				ALWAYS_SEARCH_USER_PATHS = NO;
				ASSETCATALOG_COMPILER_GENERATE_SWIFT_ASSET_SYMBOL_EXTENSIONS = YES;
				CLANG_ANALYZER_NONNULL = YES;
				CLANG_ANALYZER_NUMBER_OBJECT_CONVERSION = YES_AGGRESSIVE;
				CLANG_CXX_LANGUAGE_STANDARD = "gnu++20";
				CLANG_ENABLE_MODULES = YES;
				CLANG_ENABLE_OBJC_ARC = YES;
				CLANG_ENABLE_OBJC_WEAK = YES;
				CLANG_WARN_BLOCK_CAPTURE_AUTORELEASING = YES;
				CLANG_WARN_BOOL_CONVERSION = YES;
				CLANG_WARN_COMMA = YES;
				CLANG_WARN_CONSTANT_CONVERSION = YES;
				CLANG_WARN_DEPRECATED_OBJC_IMPLEMENTATIONS = YES;
				CLANG_WARN_DIRECT_OBJC_ISA_USAGE = YES_ERROR;
				CLANG_WARN_DOCUMENTATION_COMMENTS = YES;
				CLANG_WARN_EMPTY_BODY = YES;
				CLANG_WARN_ENUM_CONVERSION = YES;
				CLANG_WARN_INFINITE_RECURSION = YES;
				CLANG_WARN_INT_CONVERSION = YES;
				CLANG_WARN_NON_LITERAL_NULL_CONVERSION = YES;
				CLANG_WARN_OBJC_IMPLICIT_RETAIN_SELF = YES;
				CLANG_WARN_OBJC_LITERAL_CONVERSION = YES;
				CLANG_WARN_OBJC_ROOT_CLASS = YES_ERROR;
				CLANG_WARN_QUOTED_INCLUDE_IN_FRAMEWORK_HEADER = YES;
				CLANG_WARN_RANGE_LOOP_ANALYSIS = YES;
				CLANG_WARN_STRICT_PROTOTYPES = YES;
				CLANG_WARN_SUSPICIOUS_MOVE = YES;
				CLANG_WARN_UNGUARDED_AVAILABILITY = YES_AGGRESSIVE;
				CLANG_WARN_UNREACHABLE_CODE = YES;
				CLANG_WARN__DUPLICATE_METHOD_MATCH = YES;
				COPY_PHASE_STRIP = NO;
				DEBUG_INFORMATION_FORMAT = "dwarf-with-dsym";
				ENABLE_NS_ASSERTIONS = NO;
				ENABLE_STRICT_OBJC_MSGSEND = YES;
				ENABLE_USER_SCRIPT_SANDBOXING = YES;
				GCC_C_LANGUAGE_STANDARD = gnu17;
				GCC_NO_COMMON_BLOCKS = YES;
				GCC_WARN_64_TO_32_BIT_CONVERSION = YES;
				GCC_WARN_ABOUT_RETURN_TYPE = YES_ERROR;
				GCC_WARN_UNDECLARED_SELECTOR = YES;
				GCC_WARN_UNINITIALIZED_AUTOS = YES_AGGRESSIVE;
				GCC_WARN_UNUSED_FUNCTION = YES;
				GCC_WARN_UNUSED_VARIABLE = YES;
				IPHONEOS_DEPLOYMENT_TARGET = 18.2;
				LOCALIZATION_PREFERS_STRING_CATALOGS = YES;
				MTL_ENABLE_DEBUG_INFO = NO;
				MTL_FAST_MATH = YES;
				SDKROOT = iphoneos;
				SWIFT_COMPILATION_MODE = wholemodule;
				SWIFT_EMIT_LOC_STRINGS = YES;
				VALIDATE_PRODUCT = YES;
			};
			name = Release;
		};
		24DC86272D6A69DA000B391D /* Debug */ = {
			isa = XCBuildConfiguration;
			buildSettings = {
				ASSETCATALOG_COMPILER_APPICON_NAME = AppIcon;
				ASSETCATALOG_COMPILER_GLOBAL_ACCENT_COLOR_NAME = AccentColor;
				CODE_SIGN_ENTITLEMENTS = HealthKitManager/HealthKitManager.entitlements;
				CODE_SIGN_STYLE = Automatic;
				CURRENT_PROJECT_VERSION = 1;
				DEVELOPMENT_ASSET_PATHS = "\"HealthKitManager/Preview Content\"";
				DEVELOPMENT_TEAM = 5TJCALMQQ8;
				ENABLE_PREVIEWS = YES;
				GENERATE_INFOPLIST_FILE = YES;
				INFOPLIST_KEY_NSHealthShareUsageDescription = "This app reads your step count and distance walked from HealthKit.";
				INFOPLIST_KEY_UIApplicationSceneManifest_Generation = YES;
				INFOPLIST_KEY_UIApplicationSupportsIndirectInputEvents = YES;
				INFOPLIST_KEY_UILaunchScreen_Generation = YES;
				INFOPLIST_KEY_UIRequiresFullScreen = YES;
				INFOPLIST_KEY_UISupportedInterfaceOrientations = UIInterfaceOrientationPortrait;
				LD_RUNPATH_SEARCH_PATHS = (
					"$(inherited)",
					"@executable_path/Frameworks",
				);
				MARKETING_VERSION = 1.0;
				PRODUCT_BUNDLE_IDENTIFIER = "de.jan-gaehler.HealthKitManager";
				PRODUCT_NAME = "$(TARGET_NAME)";
				SWIFT_EMIT_LOC_STRINGS = YES;
				SWIFT_VERSION = 5.0;
				TARGETED_DEVICE_FAMILY = "1,2";
			};
			name = Debug;
		};
		24DC86282D6A69DA000B391D /* Release */ = {
			isa = XCBuildConfiguration;
			buildSettings = {
				ASSETCATALOG_COMPILER_APPICON_NAME = AppIcon;
				ASSETCATALOG_COMPILER_GLOBAL_ACCENT_COLOR_NAME = AccentColor;
				CODE_SIGN_ENTITLEMENTS = HealthKitManager/HealthKitManager.entitlements;
				CODE_SIGN_STYLE = Automatic;
				CURRENT_PROJECT_VERSION = 1;
				DEVELOPMENT_ASSET_PATHS = "\"HealthKitManager/Preview Content\"";
				DEVELOPMENT_TEAM = 5TJCALMQQ8;
				ENABLE_PREVIEWS = YES;
				GENERATE_INFOPLIST_FILE = YES;
				INFOPLIST_KEY_NSHealthShareUsageDescription = "This app reads your step count and distance walked from HealthKit.";
				INFOPLIST_KEY_UIApplicationSceneManifest_Generation = YES;
				INFOPLIST_KEY_UIApplicationSupportsIndirectInputEvents = YES;
				INFOPLIST_KEY_UILaunchScreen_Generation = YES;
				INFOPLIST_KEY_UIRequiresFullScreen = YES;
				INFOPLIST_KEY_UISupportedInterfaceOrientations = UIInterfaceOrientationPortrait;
				LD_RUNPATH_SEARCH_PATHS = (
					"$(inherited)",
					"@executable_path/Frameworks",
				);
				MARKETING_VERSION = 1.0;
				PRODUCT_BUNDLE_IDENTIFIER = "de.jan-gaehler.HealthKitManager";
				PRODUCT_NAME = "$(TARGET_NAME)";
				SWIFT_EMIT_LOC_STRINGS = YES;
				SWIFT_VERSION = 5.0;
				TARGETED_DEVICE_FAMILY = "1,2";
			};
			name = Release;
		};
		24DC862A2D6A69DA000B391D /* Debug */ = {
			isa = XCBuildConfiguration;
			buildSettings = {
				BUNDLE_LOADER = "$(TEST_HOST)";
				CODE_SIGN_STYLE = Automatic;
				CURRENT_PROJECT_VERSION = 1;
				DEVELOPMENT_TEAM = 5TJCALMQQ8;
				GENERATE_INFOPLIST_FILE = YES;
				IPHONEOS_DEPLOYMENT_TARGET = 18.2;
				MARKETING_VERSION = 1.0;
				PRODUCT_BUNDLE_IDENTIFIER = "de.jan-gaehler.HealthKitManagerTests";
				PRODUCT_NAME = "$(TARGET_NAME)";
				SWIFT_EMIT_LOC_STRINGS = NO;
				SWIFT_VERSION = 5.0;
				TARGETED_DEVICE_FAMILY = "1,2";
				TEST_HOST = "$(BUILT_PRODUCTS_DIR)/HealthKitManager.app/$(BUNDLE_EXECUTABLE_FOLDER_PATH)/HealthKitManager";
			};
			name = Debug;
		};
		24DC862B2D6A69DA000B391D /* Release */ = {
			isa = XCBuildConfiguration;
			buildSettings = {
				BUNDLE_LOADER = "$(TEST_HOST)";
				CODE_SIGN_STYLE = Automatic;
				CURRENT_PROJECT_VERSION = 1;
				DEVELOPMENT_TEAM = 5TJCALMQQ8;
				GENERATE_INFOPLIST_FILE = YES;
				IPHONEOS_DEPLOYMENT_TARGET = 18.2;
				MARKETING_VERSION = 1.0;
				PRODUCT_BUNDLE_IDENTIFIER = "de.jan-gaehler.HealthKitManagerTests";
				PRODUCT_NAME = "$(TARGET_NAME)";
				SWIFT_EMIT_LOC_STRINGS = NO;
				SWIFT_VERSION = 5.0;
				TARGETED_DEVICE_FAMILY = "1,2";
				TEST_HOST = "$(BUILT_PRODUCTS_DIR)/HealthKitManager.app/$(BUNDLE_EXECUTABLE_FOLDER_PATH)/HealthKitManager";
			};
			name = Release;
		};
		24DC862D2D6A69DA000B391D /* Debug */ = {
			isa = XCBuildConfiguration;
			buildSettings = {
				CODE_SIGN_STYLE = Automatic;
				CURRENT_PROJECT_VERSION = 1;
				DEVELOPMENT_TEAM = 5TJCALMQQ8;
				GENERATE_INFOPLIST_FILE = YES;
				MARKETING_VERSION = 1.0;
				PRODUCT_BUNDLE_IDENTIFIER = "de.jan-gaehler.HealthKitManagerUITests";
				PRODUCT_NAME = "$(TARGET_NAME)";
				SWIFT_EMIT_LOC_STRINGS = NO;
				SWIFT_VERSION = 5.0;
				TARGETED_DEVICE_FAMILY = "1,2";
				TEST_TARGET_NAME = HealthKitManager;
			};
			name = Debug;
		};
		24DC862E2D6A69DA000B391D /* Release */ = {
			isa = XCBuildConfiguration;
			buildSettings = {
				CODE_SIGN_STYLE = Automatic;
				CURRENT_PROJECT_VERSION = 1;
				DEVELOPMENT_TEAM = 5TJCALMQQ8;
				GENERATE_INFOPLIST_FILE = YES;
				MARKETING_VERSION = 1.0;
				PRODUCT_BUNDLE_IDENTIFIER = "de.jan-gaehler.HealthKitManagerUITests";
				PRODUCT_NAME = "$(TARGET_NAME)";
				SWIFT_EMIT_LOC_STRINGS = NO;
				SWIFT_VERSION = 5.0;
				TARGETED_DEVICE_FAMILY = "1,2";
				TEST_TARGET_NAME = HealthKitManager;
			};
			name = Release;
		};
/* End XCBuildConfiguration section */

/* Begin XCConfigurationList section */
		24DC85FD2D6A69D5000B391D /* Build configuration list for PBXProject "HealthKitManager" */ = {
			isa = XCConfigurationList;
			buildConfigurations = (
				24DC86242D6A69DA000B391D /* Debug */,
				24DC86252D6A69DA000B391D /* Release */,
			);
			defaultConfigurationIsVisible = 0;
			defaultConfigurationName = Release;
		};
		24DC86262D6A69DA000B391D /* Build configuration list for PBXNativeTarget "HealthKitManager" */ = {
			isa = XCConfigurationList;
			buildConfigurations = (
				24DC86272D6A69DA000B391D /* Debug */,
				24DC86282D6A69DA000B391D /* Release */,
			);
			defaultConfigurationIsVisible = 0;
			defaultConfigurationName = Release;
		};
		24DC86292D6A69DA000B391D /* Build configuration list for PBXNativeTarget "HealthKitManagerTests" */ = {
			isa = XCConfigurationList;
			buildConfigurations = (
				24DC862A2D6A69DA000B391D /* Debug */,
				24DC862B2D6A69DA000B391D /* Release */,
			);
			defaultConfigurationIsVisible = 0;
			defaultConfigurationName = Release;
		};
		24DC862C2D6A69DA000B391D /* Build configuration list for PBXNativeTarget "HealthKitManagerUITests" */ = {
			isa = XCConfigurationList;
			buildConfigurations = (
				24DC862D2D6A69DA000B391D /* Debug */,
				24DC862E2D6A69DA000B391D /* Release */,
			);
			defaultConfigurationIsVisible = 0;
			defaultConfigurationName = Release;
		};
/* End XCConfigurationList section */
	};
	rootObject = 24DC85FA2D6A69D5000B391D /* Project object */;
}
